{
  "name": "Editor",
  "lockfileVersion": 3,
  "requires": true,
  "packages": {
    "": {
      "dependencies": {
        "konva": "^10.3.1"
      }
    },
    "node_modules/konva": {
      "version": "10.3.1",
      "resolved": "https://registry.npmjs.org/konva/-/konva-10.3.1.tgz",
      "integrity": "sha512-7fT/jSkL2bZZOHRBk2QVMKAUbgHoKG72W+KJtpP5YMJUZRmjgoafROgxTADsrxKOY2ZM5eKyN/x6CM9PrlFfOg==",
      "funding": [
        {
          "type": "patreon",
          "url": "https://www.patreon.com/lavrton"
        },
        {
          "type": "opencollective",
          "url": "https://opencollective.com/konva"
        },
        {
          "type": "github",
          "url": "https://github.com/sponsors/lavrton"
        }
      ],
      "license": "MIT",
      "peerDependencies": {
        "canvas": "^3.0.0",
        "skia-canvas": "^3.0.0"
      },
      "peerDependenciesMeta": {
        "canvas": {
          "optional": true
        },
        "skia-canvas": {
          "optional": true
        }
      }
    }
  }
}
